schema: '2.0'
stages:
  train:
    cmd: python src/model/train.py --data_path=./data/ --model_output_path=./models/baseline.joblib
    deps:
    - path: src/data/dataset.py
      md5: efe7ca6351d3cc02f5cce14ca8379baf
      size: 3446
    - path: src/feature/preprocess.py
      md5: 3796bb3e6dd606a525adf9e6a0ecce44
      size: 1627
    - path: src/model/train.py
      md5: 872ed17ba6852726297ecd8b9d2d01d6
      size: 1812
    params:
      params.yaml:
        train.max_depth: 5
        train.n_estimators: 15
    outs:
    - path: models/baseline.joblib
      md5: 0d63f4e052e50bc65af608b2007a2077
      size: 90709
    - path: scores.json
      md5: ca8576347b0464db616ec262c703ecaa
      size: 38
