schema: '2.0'
stages:
  train:
    cmd: python src/model/train.py --data_path=./data/ --model_output_path=./models/baseline.joblib
    deps:
    - path: src/data/dataset.py
      md5: c38fc08a5849d7be63b417dee0c6420e
      size: 3718
    - path: src/feature/preprocess.py
      md5: 3796bb3e6dd606a525adf9e6a0ecce44
      size: 1627
    - path: src/model/train.py
      md5: 4ff81e146bcb513d5266f3c08731833b
      size: 1907
    params:
      params.yaml:
        train.max_depth: 5
        train.n_estimators: 15
    outs:
    - path: cm.csv
      md5: 1c7e885ef25e3bb9c85e45075891ce96
      size: 150225
    - path: models/baseline.joblib
      md5: 7ed48286d1ac3aa4b755a5628b93d5ec
      size: 95349
    - path: scores.json
      md5: f51a1ed74add5f290e6099c91a0385cf
      size: 36
