schema: '2.0'
stages:
  train:
    cmd: python src/model/train.py --data_path=./data/ --model_output_path=./models/baseline.joblib
    deps:
    - path: src/data/dataset.py
      md5: efe7ca6351d3cc02f5cce14ca8379baf
      size: 3446
    - path: src/feature/preprocess.py
      md5: 3796bb3e6dd606a525adf9e6a0ecce44
      size: 1627
    - path: src/model/train.py
      md5: 567e9a886101c9b7dd15269cc22ba4d6
      size: 1132
    params:
      params.yaml:
        train.max_depth: 5
        train.n_estimators: 10
    outs:
    - path: models/baseline.joblib
      md5: e53b7deb09ffeca9bddbd19f318851db
      size: 67279
